
Microsoft Visual Studio Solution File, Format Version 12.00
# Visual Studio 15
VisualStudioVersion = 15.0.28010.2050
MinimumVisualStudioVersion = 10.0.40219.1
Project("{FAE04EC0-301F-11D3-BF4B-00C04F79EFBC}") = "VirtualLibraryAppX", "VirtualLibraryAppX.csproj", "{556C9CE8-0F7B-4515-9F5D-642B257311B8}"
EndProject
Project("{FAE04EC0-301F-11D3-BF4B-00C04F79EFBC}") = "LogicWebService", "..\LogicWebService\LogicWebService.csproj", "{DED325A5-E2C1-41A8-8ED6-D3ADB68BF11C}"
EndProject
Global
	GlobalSection(SolutionConfigurationPlatforms) = preSolution
		Debug|Any CPU = Debug|Any CPU
		Release|Any CPU = Release|Any CPU
	EndGlobalSection
	GlobalSection(ProjectConfigurationPlatforms) = postSolution
		{556C9CE8-0F7B-4515-9F5D-642B257311B8}.Debug|Any CPU.ActiveCfg = Debug|Any CPU
		{556C9CE8-0F7B-4515-9F5D-642B257311B8}.Debug|Any CPU.Build.0 = Debug|Any CPU
		{556C9CE8-0F7B-4515-9F5D-642B257311B8}.Debug|Any CPU.Deploy.0 = Debug|Any CPU
		{556C9CE8-0F7B-4515-9F5D-642B257311B8}.Release|Any CPU.ActiveCfg = Release|Any CPU
		{556C9CE8-0F7B-4515-9F5D-642B257311B8}.Release|Any CPU.Build.0 = Release|Any CPU
		{556C9CE8-0F7B-4515-9F5D-642B257311B8}.Release|Any CPU.Deploy.0 = Release|Any CPU
		{DED325A5-E2C1-41A8-8ED6-D3ADB68BF11C}.Debug|Any CPU.ActiveCfg = Debug|Any CPU
		{DED325A5-E2C1-41A8-8ED6-D3ADB68BF11C}.Debug|Any CPU.Build.0 = Debug|Any CPU
		{DED325A5-E2C1-41A8-8ED6-D3ADB68BF11C}.Release|Any CPU.ActiveCfg = Release|Any CPU
		{DED325A5-E2C1-41A8-8ED6-D3ADB68BF11C}.Release|Any CPU.Build.0 = Release|Any CPU
	EndGlobalSection
	GlobalSection(SolutionProperties) = preSolution
		HideSolutionNode = FALSE
	EndGlobalSection
	GlobalSection(ExtensibilityGlobals) = postSolution
		SolutionGuid = {393D4F29-4E1F-4C6B-BE7E-8A0E41D05042}
	EndGlobalSection
EndGlobal
